{
    "version": 3,
    "terraform_version": "0.9.2",
    "serial": 4,
    "lineage": "0cb78162-d015-4ff7-a42d-1e5d2ed0180f",
    "modules": [
        {
            "path": [
                "root"
            ],
            "outputs": {},
            "resources": {
                "aws_default_route_table.shathel": {
                    "type": "aws_default_route_table",
                    "depends_on": [
                        "aws_internet_gateway.shathel",
                        "aws_vpc.shathel"
                    ],
                    "primary": {
                        "id": "rtb-2db0f454",
                        "attributes": {
                            "default_route_table_id": "rtb-2db0f454",
                            "id": "rtb-2db0f454",
                            "propagating_vgws.#": "0",
                            "route.#": "1",
                            "route.1691324579.cidr_block": "0.0.0.0/0",
                            "route.1691324579.egress_only_gateway_id": "",
                            "route.1691324579.gateway_id": "igw-7e37da18",
                            "route.1691324579.instance_id": "",
                            "route.1691324579.ipv6_cidr_block": "",
                            "route.1691324579.nat_gateway_id": "",
                            "route.1691324579.network_interface_id": "",
                            "route.1691324579.vpc_peering_connection_id": "",
                            "tags.%": "3",
                            "tags.Name": "shttmpl",
                            "tags.Shathel": "true",
                            "tags.ShathelSolution": "shttmpl",
                            "vpc_id": "vpc-e3ad8685"
                        },
                        "meta": {},
                        "tainted": false
                    },
                    "deposed": [],
                    "provider": ""
                },
                "aws_default_security_group.shathel": {
                    "type": "aws_default_security_group",
                    "depends_on": [
                        "aws_vpc.shathel"
                    ],
                    "primary": {
                        "id": "sg-b4ec73cb",
                        "attributes": {
                            "egress.#": "1",
                            "egress.482069346.cidr_blocks.#": "1",
                            "egress.482069346.cidr_blocks.0": "0.0.0.0/0",
                            "egress.482069346.from_port": "0",
                            "egress.482069346.ipv6_cidr_blocks.#": "0",
                            "egress.482069346.prefix_list_ids.#": "0",
                            "egress.482069346.protocol": "-1",
                            "egress.482069346.security_groups.#": "0",
                            "egress.482069346.self": "false",
                            "egress.482069346.to_port": "0",
                            "id": "sg-b4ec73cb",
                            "ingress.#": "1",
                            "ingress.2510676008.cidr_blocks.#": "1",
                            "ingress.2510676008.cidr_blocks.0": "0.0.0.0/0",
                            "ingress.2510676008.from_port": "0",
                            "ingress.2510676008.ipv6_cidr_blocks.#": "0",
                            "ingress.2510676008.protocol": "-1",
                            "ingress.2510676008.security_groups.#": "0",
                            "ingress.2510676008.self": "true",
                            "ingress.2510676008.to_port": "0",
                            "name": "default",
                            "owner_id": "285729540476",
                            "tags.%": "3",
                            "tags.Name": "shttmpl",
                            "tags.Shathel": "true",
                            "tags.ShathelSolution": "shttmpl",
                            "vpc_id": "vpc-e3ad8685"
                        },
                        "meta": {},
                        "tainted": false
                    },
                    "deposed": [],
                    "provider": ""
                },
                "aws_eip.shathel_manager_ip.0": {
                    "type": "aws_eip",
                    "depends_on": [
                        "aws_instance.shathel_manager",
                        "aws_instance.shathel_manager",
                        "aws_instance.shathel_manager.*"
                    ],
                    "primary": {
                        "id": "eipalloc-e72845d6",
                        "attributes": {
                            "association_id": "eipassoc-ccf62efc",
                            "domain": "vpc",
                            "id": "eipalloc-e72845d6",
                            "instance": "i-00c5e486f05ba3cd5",
                            "network_interface": "eni-9b92c86f",
                            "private_ip": "10.0.13.61",
                            "public_ip": "34.205.106.217",
                            "vpc": "true"
                        },
                        "meta": {},
                        "tainted": false
                    },
                    "deposed": [],
                    "provider": ""
                },
                "aws_eip.shathel_manager_ip.1": {
                    "type": "aws_eip",
                    "depends_on": [
                        "aws_instance.shathel_manager",
                        "aws_instance.shathel_manager",
                        "aws_instance.shathel_manager.*"
                    ],
                    "primary": {
                        "id": "eipalloc-392f4208",
                        "attributes": {
                            "association_id": "eipassoc-05ee3635",
                            "domain": "vpc",
                            "id": "eipalloc-392f4208",
                            "instance": "i-04412151abb4b0d0c",
                            "network_interface": "eni-d4b3cd36",
                            "private_ip": "10.0.30.66",
                            "public_ip": "34.196.140.102",
                            "vpc": "true"
                        },
                        "meta": {},
                        "tainted": false
                    },
                    "deposed": [],
                    "provider": ""
                },
                "aws_eip.shathel_worker_ip": {
                    "type": "aws_eip",
                    "depends_on": [
                        "aws_instance.shathel_worker",
                        "aws_instance.shathel_worker",
                        "aws_instance.shathel_worker.*"
                    ],
                    "primary": {
                        "id": "eipalloc-d82d40e9",
                        "attributes": {
                            "association_id": "eipassoc-65ec3455",
                            "domain": "vpc",
                            "id": "eipalloc-d82d40e9",
                            "instance": "i-00ca76f327cb4be4d",
                            "network_interface": "eni-f090ca04",
                            "private_ip": "10.0.9.135",
                            "public_ip": "34.196.51.110",
                            "vpc": "true"
                        },
                        "meta": {},
                        "tainted": false
                    },
                    "deposed": [],
                    "provider": ""
                },
                "aws_instance.shathel_manager.0": {
                    "type": "aws_instance",
                    "depends_on": [
                        "aws_key_pair.shathel",
                        "aws_security_group.shathel_common",
                        "aws_security_group.shathel_docker",
                        "aws_security_group.shathel_internal",
                        "aws_security_group.shathel_swarm",
                        "aws_security_group.shathel_www",
                        "aws_subnet.shathel.*"
                    ],
                    "primary": {
                        "id": "i-00c5e486f05ba3cd5",
                        "attributes": {
                            "ami": "ami-b374d5a5",
                            "associate_public_ip_address": "true",
                            "availability_zone": "us-east-1a",
                            "disable_api_termination": "false",
                            "ebs_block_device.#": "0",
                            "ebs_optimized": "false",
                            "ephemeral_block_device.#": "0",
                            "iam_instance_profile": "",
                            "id": "i-00c5e486f05ba3cd5",
                            "instance_state": "running",
                            "instance_type": "t2.micro",
                            "ipv6_address_count": "0",
                            "ipv6_addresses.#": "0",
                            "key_name": "shttmpl00d422d7ac5130d5e6f561f3d6",
                            "monitoring": "false",
                            "network_interface_id": "eni-9b92c86f",
                            "private_dns": "ip-10-0-13-61.ec2.internal",
                            "private_ip": "10.0.13.61",
                            "public_dns": "ec2-52-90-78-92.compute-1.amazonaws.com",
                            "public_ip": "52.90.78.92",
                            "root_block_device.#": "1",
                            "root_block_device.0.delete_on_termination": "true",
                            "root_block_device.0.iops": "100",
                            "root_block_device.0.volume_size": "8",
                            "root_block_device.0.volume_type": "gp2",
                            "security_groups.#": "0",
                            "source_dest_check": "true",
                            "subnet_id": "subnet-d4e1f4f9",
                            "tags.%": "4",
                            "tags.Name": "shttmpl-manager-0",
                            "tags.Role": "manager",
                            "tags.Shathel": "true",
                            "tags.ShathelSolution": "shttmpl",
                            "tenancy": "default",
                            "vpc_security_group_ids.#": "5",
                            "vpc_security_group_ids.2456584156": "sg-3ef06f41",
                            "vpc_security_group_ids.2862477492": "sg-bbef70c4",
                            "vpc_security_group_ids.3616809131": "sg-95f16eea",
                            "vpc_security_group_ids.473520795": "sg-fef16e81",
                            "vpc_security_group_ids.525351605": "sg-beef70c1"
                        },
                        "meta": {
                            "schema_version": "1"
                        },
                        "tainted": false
                    },
                    "deposed": [],
                    "provider": ""
                },
                "aws_instance.shathel_manager.1": {
                    "type": "aws_instance",
                    "depends_on": [
                        "aws_key_pair.shathel",
                        "aws_security_group.shathel_common",
                        "aws_security_group.shathel_docker",
                        "aws_security_group.shathel_internal",
                        "aws_security_group.shathel_swarm",
                        "aws_security_group.shathel_www",
                        "aws_subnet.shathel.*"
                    ],
                    "primary": {
                        "id": "i-04412151abb4b0d0c",
                        "attributes": {
                            "ami": "ami-b374d5a5",
                            "associate_public_ip_address": "true",
                            "availability_zone": "us-east-1b",
                            "disable_api_termination": "false",
                            "ebs_block_device.#": "0",
                            "ebs_optimized": "false",
                            "ephemeral_block_device.#": "0",
                            "iam_instance_profile": "",
                            "id": "i-04412151abb4b0d0c",
                            "instance_state": "running",
                            "instance_type": "t2.micro",
                            "ipv6_address_count": "0",
                            "ipv6_addresses.#": "0",
                            "key_name": "shttmpl00d422d7ac5130d5e6f561f3d6",
                            "monitoring": "false",
                            "network_interface_id": "eni-d4b3cd36",
                            "private_dns": "ip-10-0-30-66.ec2.internal",
                            "private_ip": "10.0.30.66",
                            "public_dns": "ec2-52-207-227-205.compute-1.amazonaws.com",
                            "public_ip": "52.207.227.205",
                            "root_block_device.#": "1",
                            "root_block_device.0.delete_on_termination": "true",
                            "root_block_device.0.iops": "100",
                            "root_block_device.0.volume_size": "8",
                            "root_block_device.0.volume_type": "gp2",
                            "security_groups.#": "0",
                            "source_dest_check": "true",
                            "subnet_id": "subnet-28e52160",
                            "tags.%": "4",
                            "tags.Name": "shttmpl-manager-1",
                            "tags.Role": "manager",
                            "tags.Shathel": "true",
                            "tags.ShathelSolution": "shttmpl",
                            "tenancy": "default",
                            "vpc_security_group_ids.#": "5",
                            "vpc_security_group_ids.2456584156": "sg-3ef06f41",
                            "vpc_security_group_ids.2862477492": "sg-bbef70c4",
                            "vpc_security_group_ids.3616809131": "sg-95f16eea",
                            "vpc_security_group_ids.473520795": "sg-fef16e81",
                            "vpc_security_group_ids.525351605": "sg-beef70c1"
                        },
                        "meta": {
                            "schema_version": "1"
                        },
                        "tainted": false
                    },
                    "deposed": [],
                    "provider": ""
                },
                "aws_instance.shathel_worker": {
                    "type": "aws_instance",
                    "depends_on": [
                        "aws_key_pair.shathel",
                        "aws_security_group.shathel_common",
                        "aws_security_group.shathel_docker",
                        "aws_security_group.shathel_internal",
                        "aws_security_group.shathel_swarm",
                        "aws_security_group.shathel_www",
                        "aws_subnet.shathel.*"
                    ],
                    "primary": {
                        "id": "i-00ca76f327cb4be4d",
                        "attributes": {
                            "ami": "ami-b374d5a5",
                            "associate_public_ip_address": "true",
                            "availability_zone": "us-east-1a",
                            "disable_api_termination": "false",
                            "ebs_block_device.#": "0",
                            "ebs_optimized": "false",
                            "ephemeral_block_device.#": "0",
                            "iam_instance_profile": "",
                            "id": "i-00ca76f327cb4be4d",
                            "instance_state": "running",
                            "instance_type": "t2.micro",
                            "ipv6_address_count": "0",
                            "ipv6_addresses.#": "0",
                            "key_name": "shttmpl00d422d7ac5130d5e6f561f3d6",
                            "monitoring": "false",
                            "network_interface_id": "eni-f090ca04",
                            "private_dns": "ip-10-0-9-135.ec2.internal",
                            "private_ip": "10.0.9.135",
                            "public_dns": "ec2-52-207-240-22.compute-1.amazonaws.com",
                            "public_ip": "52.207.240.22",
                            "root_block_device.#": "1",
                            "root_block_device.0.delete_on_termination": "true",
                            "root_block_device.0.iops": "100",
                            "root_block_device.0.volume_size": "8",
                            "root_block_device.0.volume_type": "gp2",
                            "security_groups.#": "0",
                            "source_dest_check": "true",
                            "subnet_id": "subnet-d4e1f4f9",
                            "tags.%": "4",
                            "tags.Name": "shttmpl-worker-0",
                            "tags.Role": "worker",
                            "tags.Shathel": "true",
                            "tags.ShathelSolution": "shttmpl",
                            "tenancy": "default",
                            "vpc_security_group_ids.#": "5",
                            "vpc_security_group_ids.2456584156": "sg-3ef06f41",
                            "vpc_security_group_ids.2862477492": "sg-bbef70c4",
                            "vpc_security_group_ids.3616809131": "sg-95f16eea",
                            "vpc_security_group_ids.473520795": "sg-fef16e81",
                            "vpc_security_group_ids.525351605": "sg-beef70c1"
                        },
                        "meta": {
                            "schema_version": "1"
                        },
                        "tainted": false
                    },
                    "deposed": [],
                    "provider": ""
                },
                "aws_internet_gateway.shathel": {
                    "type": "aws_internet_gateway",
                    "depends_on": [
                        "aws_vpc.shathel"
                    ],
                    "primary": {
                        "id": "igw-7e37da18",
                        "attributes": {
                            "id": "igw-7e37da18",
                            "tags.%": "3",
                            "tags.Name": "shttmpl",
                            "tags.Shathel": "true",
                            "tags.ShathelSolution": "shttmpl",
                            "vpc_id": "vpc-e3ad8685"
                        },
                        "meta": {},
                        "tainted": false
                    },
                    "deposed": [],
                    "provider": ""
                },
                "aws_key_pair.shathel": {
                    "type": "aws_key_pair",
                    "depends_on": [],
                    "primary": {
                        "id": "shttmpl00d422d7ac5130d5e6f561f3d6",
                        "attributes": {
                            "id": "shttmpl00d422d7ac5130d5e6f561f3d6",
                            "key_name": "shttmpl00d422d7ac5130d5e6f561f3d6",
                            "key_name_prefix": "shttmpl",
                            "public_key": "ssh-rsa AAAAB3NzaC1yc2EAAAADAQABAAABAQC/Dat9sOeGKePQkmZYDVzM7X/sfuzVH0Kf9XvnsRRXV4ZGAFqe4FIflIt7LVuMZ7Shm7aQrDysqGfDWE/XLoWJXQRZqV6t9ufPgqY1Y6EtVaRmvBLfqd7knltob3ZTAPrQfKIxEMLLupow6xxQZ4onGCvEG7FmWXi4pegqlJC8mzb9EcY8nBThT2CHF1FX9Ly2Toc7inetGzzJGsNTs/B1jj8jAHW4qJOdkS28g3nu5m8p3T2X3y7nmgh0xKCFSb2W8b8HkDfIDsYjtaIgW4C/W5SdkACwqtVMs2kJ8R/YA1BDhcGFwYi8XKPpPhjlLm9FKL22qLUQJQWI4nDbwaBv mwielgus@outlook.com"
                        },
                        "meta": {
                            "schema_version": "1"
                        },
                        "tainted": false
                    },
                    "deposed": [],
                    "provider": ""
                },
                "aws_security_group.shathel_common": {
                    "type": "aws_security_group",
                    "depends_on": [
                        "aws_vpc.shathel"
                    ],
                    "primary": {
                        "id": "sg-95f16eea",
                        "attributes": {
                            "description": "Managed by Terraform",
                            "egress.#": "1",
                            "egress.482069346.cidr_blocks.#": "1",
                            "egress.482069346.cidr_blocks.0": "0.0.0.0/0",
                            "egress.482069346.from_port": "0",
                            "egress.482069346.ipv6_cidr_blocks.#": "0",
                            "egress.482069346.prefix_list_ids.#": "0",
                            "egress.482069346.protocol": "-1",
                            "egress.482069346.security_groups.#": "0",
                            "egress.482069346.self": "false",
                            "egress.482069346.to_port": "0",
                            "id": "sg-95f16eea",
                            "ingress.#": "2",
                            "ingress.1799340084.cidr_blocks.#": "1",
                            "ingress.1799340084.cidr_blocks.0": "0.0.0.0/0",
                            "ingress.1799340084.from_port": "-1",
                            "ingress.1799340084.ipv6_cidr_blocks.#": "0",
                            "ingress.1799340084.protocol": "icmp",
                            "ingress.1799340084.security_groups.#": "0",
                            "ingress.1799340084.self": "false",
                            "ingress.1799340084.to_port": "-1",
                            "ingress.2541437006.cidr_blocks.#": "1",
                            "ingress.2541437006.cidr_blocks.0": "0.0.0.0/0",
                            "ingress.2541437006.from_port": "22",
                            "ingress.2541437006.ipv6_cidr_blocks.#": "0",
                            "ingress.2541437006.protocol": "tcp",
                            "ingress.2541437006.security_groups.#": "0",
                            "ingress.2541437006.self": "false",
                            "ingress.2541437006.to_port": "22",
                            "name": "shathel_common",
                            "owner_id": "285729540476",
                            "tags.%": "3",
                            "tags.Name": "shttmpl-common",
                            "tags.Shathel": "true",
                            "tags.ShathelSolution": "shttmpl",
                            "vpc_id": "vpc-e3ad8685"
                        },
                        "meta": {},
                        "tainted": false
                    },
                    "deposed": [],
                    "provider": ""
                },
                "aws_security_group.shathel_docker": {
                    "type": "aws_security_group",
                    "depends_on": [
                        "aws_vpc.shathel"
                    ],
                    "primary": {
                        "id": "sg-bbef70c4",
                        "attributes": {
                            "description": "Managed by Terraform",
                            "egress.#": "0",
                            "id": "sg-bbef70c4",
                            "ingress.#": "1",
                            "ingress.2919652752.cidr_blocks.#": "1",
                            "ingress.2919652752.cidr_blocks.0": "0.0.0.0/0",
                            "ingress.2919652752.from_port": "2376",
                            "ingress.2919652752.ipv6_cidr_blocks.#": "0",
                            "ingress.2919652752.protocol": "tcp",
                            "ingress.2919652752.security_groups.#": "0",
                            "ingress.2919652752.self": "false",
                            "ingress.2919652752.to_port": "2376",
                            "name": "shathel_docker",
                            "owner_id": "285729540476",
                            "tags.%": "3",
                            "tags.Name": "shttmpl-docker",
                            "tags.Shathel": "true",
                            "tags.ShathelSolution": "shttmpl",
                            "vpc_id": "vpc-e3ad8685"
                        },
                        "meta": {},
                        "tainted": false
                    },
                    "deposed": [],
                    "provider": ""
                },
                "aws_security_group.shathel_internal": {
                    "type": "aws_security_group",
                    "depends_on": [
                        "aws_vpc.shathel"
                    ],
                    "primary": {
                        "id": "sg-fef16e81",
                        "attributes": {
                            "description": "Managed by Terraform",
                            "egress.#": "1",
                            "egress.753360330.cidr_blocks.#": "0",
                            "egress.753360330.from_port": "0",
                            "egress.753360330.ipv6_cidr_blocks.#": "0",
                            "egress.753360330.prefix_list_ids.#": "0",
                            "egress.753360330.protocol": "-1",
                            "egress.753360330.security_groups.#": "0",
                            "egress.753360330.self": "true",
                            "egress.753360330.to_port": "0",
                            "id": "sg-fef16e81",
                            "ingress.#": "1",
                            "ingress.753360330.cidr_blocks.#": "0",
                            "ingress.753360330.from_port": "0",
                            "ingress.753360330.ipv6_cidr_blocks.#": "0",
                            "ingress.753360330.protocol": "-1",
                            "ingress.753360330.security_groups.#": "0",
                            "ingress.753360330.self": "true",
                            "ingress.753360330.to_port": "0",
                            "name": "shathel_internal",
                            "owner_id": "285729540476",
                            "tags.%": "3",
                            "tags.Name": "shttmpl-internal",
                            "tags.Shathel": "true",
                            "tags.ShathelSolution": "shttmpl",
                            "vpc_id": "vpc-e3ad8685"
                        },
                        "meta": {},
                        "tainted": false
                    },
                    "deposed": [],
                    "provider": ""
                },
                "aws_security_group.shathel_swarm": {
                    "type": "aws_security_group",
                    "depends_on": [
                        "aws_vpc.shathel"
                    ],
                    "primary": {
                        "id": "sg-3ef06f41",
                        "attributes": {
                            "description": "Managed by Terraform",
                            "egress.#": "0",
                            "id": "sg-3ef06f41",
                            "ingress.#": "7",
                            "ingress.1099394985.cidr_blocks.#": "0",
                            "ingress.1099394985.from_port": "2376",
                            "ingress.1099394985.ipv6_cidr_blocks.#": "0",
                            "ingress.1099394985.protocol": "tcp",
                            "ingress.1099394985.security_groups.#": "0",
                            "ingress.1099394985.self": "true",
                            "ingress.1099394985.to_port": "2376",
                            "ingress.1183624644.cidr_blocks.#": "0",
                            "ingress.1183624644.from_port": "4789",
                            "ingress.1183624644.ipv6_cidr_blocks.#": "0",
                            "ingress.1183624644.protocol": "tcp",
                            "ingress.1183624644.security_groups.#": "0",
                            "ingress.1183624644.self": "true",
                            "ingress.1183624644.to_port": "4789",
                            "ingress.1530048670.cidr_blocks.#": "0",
                            "ingress.1530048670.from_port": "4789",
                            "ingress.1530048670.ipv6_cidr_blocks.#": "0",
                            "ingress.1530048670.protocol": "udp",
                            "ingress.1530048670.security_groups.#": "0",
                            "ingress.1530048670.self": "true",
                            "ingress.1530048670.to_port": "4789",
                            "ingress.3939417081.cidr_blocks.#": "0",
                            "ingress.3939417081.from_port": "7946",
                            "ingress.3939417081.ipv6_cidr_blocks.#": "0",
                            "ingress.3939417081.protocol": "udp",
                            "ingress.3939417081.security_groups.#": "0",
                            "ingress.3939417081.self": "true",
                            "ingress.3939417081.to_port": "7946",
                            "ingress.4054695258.cidr_blocks.#": "0",
                            "ingress.4054695258.from_port": "2375",
                            "ingress.4054695258.ipv6_cidr_blocks.#": "0",
                            "ingress.4054695258.protocol": "tcp",
                            "ingress.4054695258.security_groups.#": "0",
                            "ingress.4054695258.self": "true",
                            "ingress.4054695258.to_port": "2375",
                            "ingress.4151355043.cidr_blocks.#": "0",
                            "ingress.4151355043.from_port": "7946",
                            "ingress.4151355043.ipv6_cidr_blocks.#": "0",
                            "ingress.4151355043.protocol": "tcp",
                            "ingress.4151355043.security_groups.#": "0",
                            "ingress.4151355043.self": "true",
                            "ingress.4151355043.to_port": "7946",
                            "ingress.778117624.cidr_blocks.#": "0",
                            "ingress.778117624.from_port": "2377",
                            "ingress.778117624.ipv6_cidr_blocks.#": "0",
                            "ingress.778117624.protocol": "tcp",
                            "ingress.778117624.security_groups.#": "0",
                            "ingress.778117624.self": "true",
                            "ingress.778117624.to_port": "2377",
                            "name": "shathel_swarm",
                            "owner_id": "285729540476",
                            "tags.%": "3",
                            "tags.Name": "shttmpl-swarm",
                            "tags.Shathel": "true",
                            "tags.ShathelSolution": "shttmpl",
                            "vpc_id": "vpc-e3ad8685"
                        },
                        "meta": {},
                        "tainted": false
                    },
                    "deposed": [],
                    "provider": ""
                },
                "aws_security_group.shathel_www": {
                    "type": "aws_security_group",
                    "depends_on": [
                        "aws_vpc.shathel"
                    ],
                    "primary": {
                        "id": "sg-beef70c1",
                        "attributes": {
                            "description": "Managed by Terraform",
                            "egress.#": "0",
                            "id": "sg-beef70c1",
                            "ingress.#": "2",
                            "ingress.2214680975.cidr_blocks.#": "1",
                            "ingress.2214680975.cidr_blocks.0": "0.0.0.0/0",
                            "ingress.2214680975.from_port": "80",
                            "ingress.2214680975.ipv6_cidr_blocks.#": "0",
                            "ingress.2214680975.protocol": "tcp",
                            "ingress.2214680975.security_groups.#": "0",
                            "ingress.2214680975.self": "false",
                            "ingress.2214680975.to_port": "80",
                            "ingress.2617001939.cidr_blocks.#": "1",
                            "ingress.2617001939.cidr_blocks.0": "0.0.0.0/0",
                            "ingress.2617001939.from_port": "443",
                            "ingress.2617001939.ipv6_cidr_blocks.#": "0",
                            "ingress.2617001939.protocol": "tcp",
                            "ingress.2617001939.security_groups.#": "0",
                            "ingress.2617001939.self": "false",
                            "ingress.2617001939.to_port": "443",
                            "name": "shathel_www",
                            "owner_id": "285729540476",
                            "tags.%": "3",
                            "tags.Name": "shttmpl-www",
                            "tags.Shathel": "true",
                            "tags.ShathelSolution": "shttmpl",
                            "vpc_id": "vpc-e3ad8685"
                        },
                        "meta": {},
                        "tainted": false
                    },
                    "deposed": [],
                    "provider": ""
                },
                "aws_subnet.shathel.0": {
                    "type": "aws_subnet",
                    "depends_on": [
                        "aws_vpc.shathel"
                    ],
                    "primary": {
                        "id": "subnet-d4e1f4f9",
                        "attributes": {
                            "assign_ipv6_address_on_creation": "false",
                            "availability_zone": "us-east-1a",
                            "cidr_block": "10.0.0.0/20",
                            "id": "subnet-d4e1f4f9",
                            "map_public_ip_on_launch": "false",
                            "tags.%": "3",
                            "tags.Name": "shttmpl-sn-us-east-1a",
                            "tags.Shathel": "true",
                            "tags.ShathelSolution": "shttmpl",
                            "vpc_id": "vpc-e3ad8685"
                        },
                        "meta": {},
                        "tainted": false
                    },
                    "deposed": [],
                    "provider": ""
                },
                "aws_subnet.shathel.1": {
                    "type": "aws_subnet",
                    "depends_on": [
                        "aws_vpc.shathel"
                    ],
                    "primary": {
                        "id": "subnet-28e52160",
                        "attributes": {
                            "assign_ipv6_address_on_creation": "false",
                            "availability_zone": "us-east-1b",
                            "cidr_block": "10.0.16.0/20",
                            "id": "subnet-28e52160",
                            "map_public_ip_on_launch": "false",
                            "tags.%": "3",
                            "tags.Name": "shttmpl-sn-us-east-1b",
                            "tags.Shathel": "true",
                            "tags.ShathelSolution": "shttmpl",
                            "vpc_id": "vpc-e3ad8685"
                        },
                        "meta": {},
                        "tainted": false
                    },
                    "deposed": [],
                    "provider": ""
                },
                "aws_subnet.shathel.2": {
                    "type": "aws_subnet",
                    "depends_on": [
                        "aws_vpc.shathel"
                    ],
                    "primary": {
                        "id": "subnet-eb8a8ab0",
                        "attributes": {
                            "assign_ipv6_address_on_creation": "false",
                            "availability_zone": "us-east-1c",
                            "cidr_block": "10.0.32.0/20",
                            "id": "subnet-eb8a8ab0",
                            "map_public_ip_on_launch": "false",
                            "tags.%": "3",
                            "tags.Name": "shttmpl-sn-us-east-1c",
                            "tags.Shathel": "true",
                            "tags.ShathelSolution": "shttmpl",
                            "vpc_id": "vpc-e3ad8685"
                        },
                        "meta": {},
                        "tainted": false
                    },
                    "deposed": [],
                    "provider": ""
                },
                "aws_subnet.shathel.3": {
                    "type": "aws_subnet",
                    "depends_on": [
                        "aws_vpc.shathel"
                    ],
                    "primary": {
                        "id": "subnet-fa3c709f",
                        "attributes": {
                            "assign_ipv6_address_on_creation": "false",
                            "availability_zone": "us-east-1d",
                            "cidr_block": "10.0.48.0/20",
                            "id": "subnet-fa3c709f",
                            "map_public_ip_on_launch": "false",
                            "tags.%": "3",
                            "tags.Name": "shttmpl-sn-us-east-1d",
                            "tags.Shathel": "true",
                            "tags.ShathelSolution": "shttmpl",
                            "vpc_id": "vpc-e3ad8685"
                        },
                        "meta": {},
                        "tainted": false
                    },
                    "deposed": [],
                    "provider": ""
                },
                "aws_subnet.shathel.4": {
                    "type": "aws_subnet",
                    "depends_on": [
                        "aws_vpc.shathel"
                    ],
                    "primary": {
                        "id": "subnet-3776000b",
                        "attributes": {
                            "assign_ipv6_address_on_creation": "false",
                            "availability_zone": "us-east-1e",
                            "cidr_block": "10.0.64.0/20",
                            "id": "subnet-3776000b",
                            "map_public_ip_on_launch": "false",
                            "tags.%": "3",
                            "tags.Name": "shttmpl-sn-us-east-1e",
                            "tags.Shathel": "true",
                            "tags.ShathelSolution": "shttmpl",
                            "vpc_id": "vpc-e3ad8685"
                        },
                        "meta": {},
                        "tainted": false
                    },
                    "deposed": [],
                    "provider": ""
                },
                "aws_vpc.shathel": {
                    "type": "aws_vpc",
                    "depends_on": [],
                    "primary": {
                        "id": "vpc-e3ad8685",
                        "attributes": {
                            "assign_generated_ipv6_cidr_block": "false",
                            "cidr_block": "10.0.0.0/16",
                            "default_network_acl_id": "acl-f1814088",
                            "default_route_table_id": "rtb-2db0f454",
                            "default_security_group_id": "sg-b4ec73cb",
                            "dhcp_options_id": "dopt-01a99866",
                            "enable_classiclink": "false",
                            "enable_dns_hostnames": "true",
                            "enable_dns_support": "true",
                            "id": "vpc-e3ad8685",
                            "instance_tenancy": "default",
                            "main_route_table_id": "rtb-2db0f454",
                            "tags.%": "3",
                            "tags.Name": "shttmpl",
                            "tags.Shathel": "true",
                            "tags.ShathelSolution": "shttmpl"
                        },
                        "meta": {
                            "schema_version": "1"
                        },
                        "tainted": false
                    },
                    "deposed": [],
                    "provider": ""
                },
                "cloudflare_record.shathel.0": {
                    "type": "cloudflare_record",
                    "depends_on": [
                        "aws_eip.shathel_manager_ip",
                        "aws_eip.shathel_manager_ip.*"
                    ],
                    "primary": {
                        "id": "8d3de9822f62cb1325ecc6bba90654b2",
                        "attributes": {
                            "domain": "s4s0l.pl",
                            "hostname": "shttmpl.s4s0l.pl",
                            "id": "8d3de9822f62cb1325ecc6bba90654b2",
                            "name": "shttmpl.s4s0l.pl",
                            "priority": "0",
                            "proxied": "false",
                            "ttl": "1",
                            "type": "A",
                            "value": "34.205.106.217",
                            "zone_id": "921eee13833ea9fe04c9b7697a1fa320"
                        },
                        "meta": {
                            "schema_version": "1"
                        },
                        "tainted": false
                    },
                    "deposed": [],
                    "provider": ""
                },
                "cloudflare_record.shathel.1": {
                    "type": "cloudflare_record",
                    "depends_on": [
                        "aws_eip.shathel_manager_ip",
                        "aws_eip.shathel_manager_ip.*"
                    ],
                    "primary": {
                        "id": "6ffd188ae1d5c6d8a7f13ef945faa3c5",
                        "attributes": {
                            "domain": "s4s0l.pl",
                            "hostname": "shttmpl.s4s0l.pl",
                            "id": "6ffd188ae1d5c6d8a7f13ef945faa3c5",
                            "name": "shttmpl.s4s0l.pl",
                            "priority": "0",
                            "proxied": "false",
                            "ttl": "1",
                            "type": "A",
                            "value": "34.196.140.102",
                            "zone_id": "921eee13833ea9fe04c9b7697a1fa320"
                        },
                        "meta": {
                            "schema_version": "1"
                        },
                        "tainted": false
                    },
                    "deposed": [],
                    "provider": ""
                }
            },
            "depends_on": []
        }
    ]
}
