{
    "version": 3,
    "terraform_version": "0.9.2",
    "serial": 9,
    "lineage": "885181ba-2b9a-4887-aa39-33d5d29030b2",
    "modules": [
        {
            "path": [
                "root"
            ],
            "outputs": {},
            "resources": {
                "cloudflare_record.shathel.0": {
                    "type": "cloudflare_record",
                    "depends_on": [
                        "digitalocean_droplet.shathel_manager",
                        "digitalocean_droplet.shathel_manager.*"
                    ],
                    "primary": {
                        "id": "a635bed77bf04aaae3b9b5632a80b16a",
                        "attributes": {
                            "domain": "s4s0l.pl",
                            "hostname": "shttmpl.s4s0l.pl",
                            "id": "a635bed77bf04aaae3b9b5632a80b16a",
                            "name": "shttmpl.s4s0l.pl",
                            "priority": "0",
                            "proxied": "false",
                            "ttl": "1",
                            "type": "A",
                            "value": "162.243.164.32",
                            "zone_id": "921eee13833ea9fe04c9b7697a1fa320"
                        },
                        "meta": {
                            "schema_version": "1"
                        },
                        "tainted": false
                    },
                    "deposed": [],
                    "provider": ""
                },
                "cloudflare_record.shathel.1": {
                    "type": "cloudflare_record",
                    "depends_on": [
                        "digitalocean_droplet.shathel_manager",
                        "digitalocean_droplet.shathel_manager.*"
                    ],
                    "primary": {
                        "id": "72c38b42964583fc3365d101ef0976cf",
                        "attributes": {
                            "domain": "s4s0l.pl",
                            "hostname": "shttmpl.s4s0l.pl",
                            "id": "72c38b42964583fc3365d101ef0976cf",
                            "name": "shttmpl.s4s0l.pl",
                            "priority": "0",
                            "proxied": "false",
                            "ttl": "1",
                            "type": "A",
                            "value": "192.34.62.106",
                            "zone_id": "921eee13833ea9fe04c9b7697a1fa320"
                        },
                        "meta": {
                            "schema_version": "1"
                        },
                        "tainted": false
                    },
                    "deposed": [],
                    "provider": ""
                },
                "digitalocean_droplet.shathel_manager.0": {
                    "type": "digitalocean_droplet",
                    "depends_on": [
                        "digitalocean_ssh_key.shathel",
                        "digitalocean_tag.shathel_manager",
                        "digitalocean_tag.shathel_solution",
                        "digitalocean_tag.shathel_tag"
                    ],
                    "primary": {
                        "id": "44352093",
                        "attributes": {
                            "backups": "false",
                            "disk": "30",
                            "id": "44352093",
                            "image": "ubuntu-16-04-x64",
                            "ipv4_address": "162.243.164.32",
                            "ipv4_address_private": "10.136.26.231",
                            "locked": "false",
                            "name": "shttmpl-manager-0",
                            "private_networking": "true",
                            "region": "nyc1",
                            "resize_disk": "true",
                            "size": "1gb",
                            "ssh_keys.#": "1",
                            "ssh_keys.0": "7781823",
                            "status": "active",
                            "tags.#": "3",
                            "tags.0": "shathel",
                            "tags.1": "shathel-manager",
                            "tags.2": "shathel-shttmpl",
                            "vcpus": "1"
                        },
                        "meta": {},
                        "tainted": false
                    },
                    "deposed": [],
                    "provider": ""
                },
                "digitalocean_droplet.shathel_manager.1": {
                    "type": "digitalocean_droplet",
                    "depends_on": [
                        "digitalocean_ssh_key.shathel",
                        "digitalocean_tag.shathel_manager",
                        "digitalocean_tag.shathel_solution",
                        "digitalocean_tag.shathel_tag"
                    ],
                    "primary": {
                        "id": "44352089",
                        "attributes": {
                            "backups": "false",
                            "disk": "30",
                            "id": "44352089",
                            "image": "ubuntu-16-04-x64",
                            "ipv4_address": "192.34.62.106",
                            "ipv4_address_private": "10.136.11.12",
                            "locked": "false",
                            "name": "shttmpl-manager-1",
                            "private_networking": "true",
                            "region": "nyc1",
                            "resize_disk": "true",
                            "size": "1gb",
                            "ssh_keys.#": "1",
                            "ssh_keys.0": "7781823",
                            "status": "active",
                            "tags.#": "3",
                            "tags.0": "shathel",
                            "tags.1": "shathel-manager",
                            "tags.2": "shathel-shttmpl",
                            "vcpus": "1"
                        },
                        "meta": {},
                        "tainted": false
                    },
                    "deposed": [],
                    "provider": ""
                },
                "digitalocean_droplet.shathel_worker": {
                    "type": "digitalocean_droplet",
                    "depends_on": [
                        "digitalocean_ssh_key.shathel",
                        "digitalocean_tag.shathel_solution",
                        "digitalocean_tag.shathel_tag",
                        "digitalocean_tag.shathel_worker"
                    ],
                    "primary": {
                        "id": "44352090",
                        "attributes": {
                            "backups": "false",
                            "disk": "30",
                            "id": "44352090",
                            "image": "ubuntu-16-04-x64",
                            "ipv4_address": "192.241.157.221",
                            "ipv4_address_private": "10.136.12.115",
                            "locked": "false",
                            "name": "shttmpl-worker-0",
                            "private_networking": "true",
                            "region": "nyc1",
                            "resize_disk": "true",
                            "size": "1gb",
                            "ssh_keys.#": "1",
                            "ssh_keys.0": "7781823",
                            "status": "active",
                            "tags.#": "3",
                            "tags.0": "shathel",
                            "tags.1": "shathel-worker",
                            "tags.2": "shathel-shttmpl",
                            "vcpus": "1"
                        },
                        "meta": {},
                        "tainted": false
                    },
                    "deposed": [],
                    "provider": ""
                },
                "digitalocean_ssh_key.shathel": {
                    "type": "digitalocean_ssh_key",
                    "depends_on": [],
                    "primary": {
                        "id": "7781823",
                        "attributes": {
                            "fingerprint": "95:e5:ee:a2:64:7c:c8:01:c3:cf:82:cb:25:06:c5:68",
                            "id": "7781823",
                            "name": "shttmpl-key",
                            "public_key": "ssh-rsa AAAAB3NzaC1yc2EAAAADAQABAAABAQC/ooL+1y4WBaiUaEAqTXyQgc6LOdPKywHwPzRktD8+NqJQfrIwKEjyT4DbpV+06fV7Qzy5nlExy7RCBHtCi+n7AAc+zm7sxlwoE2alI8qH9BUjtkKuu2/e9CkDnuwI1PA/J4N5BmqLgqTyxaLcapbUMOgATYonK0U8XTHYPlOSs7B+Pz2BrDqevsP9Mq2qlYc82z7WPEvDcaY8m30/pWvkujs2J35LPZTJDc0ksLBGtBDZLbtzNl7o6sW8OIF6MeqnFtyQC31h3lOfeaH0ECb3yCq9PkcrIlV/u5ywDiojz6+VbW5U5I6JnmpkkceUH9d4ISq48cGtk+o0z70VNT3x mwielgus@outlook.com"
                        },
                        "meta": {},
                        "tainted": false
                    },
                    "deposed": [],
                    "provider": ""
                },
                "digitalocean_tag.shathel_manager": {
                    "type": "digitalocean_tag",
                    "depends_on": [],
                    "primary": {
                        "id": "shathel-manager",
                        "attributes": {
                            "id": "shathel-manager",
                            "name": "shathel-manager"
                        },
                        "meta": {},
                        "tainted": false
                    },
                    "deposed": [],
                    "provider": ""
                },
                "digitalocean_tag.shathel_solution": {
                    "type": "digitalocean_tag",
                    "depends_on": [],
                    "primary": {
                        "id": "shathel-shttmpl",
                        "attributes": {
                            "id": "shathel-shttmpl",
                            "name": "shathel-shttmpl"
                        },
                        "meta": {},
                        "tainted": false
                    },
                    "deposed": [],
                    "provider": ""
                },
                "digitalocean_tag.shathel_tag": {
                    "type": "digitalocean_tag",
                    "depends_on": [],
                    "primary": {
                        "id": "shathel",
                        "attributes": {
                            "id": "shathel",
                            "name": "shathel"
                        },
                        "meta": {},
                        "tainted": false
                    },
                    "deposed": [],
                    "provider": ""
                },
                "digitalocean_tag.shathel_worker": {
                    "type": "digitalocean_tag",
                    "depends_on": [],
                    "primary": {
                        "id": "shathel-worker",
                        "attributes": {
                            "id": "shathel-worker",
                            "name": "shathel-worker"
                        },
                        "meta": {},
                        "tainted": false
                    },
                    "deposed": [],
                    "provider": ""
                }
            },
            "depends_on": []
        }
    ]
}
